
Microsoft Visual Studio Solution File, Format Version 12.00
# Visual Studio Version 16
VisualStudioVersion = 16.0.32228.343
MinimumVisualStudioVersion = 10.0.40219.1
Project("{FAE04EC0-301F-11D3-BF4B-00C04F79EFBC}") = "factorial math", "factorial math\factorial math.csproj", "{52180EF5-3984-4A3C-BBC7-66145A6F7193}"
EndProject
Global
	GlobalSection(SolutionConfigurationPlatforms) = preSolution
		Debug|Any CPU = Debug|Any CPU
		Release|Any CPU = Release|Any CPU
	EndGlobalSection
	GlobalSection(ProjectConfigurationPlatforms) = postSolution
		{52180EF5-3984-4A3C-BBC7-66145A6F7193}.Debug|Any CPU.ActiveCfg = Debug|Any CPU
		{52180EF5-3984-4A3C-BBC7-66145A6F7193}.Debug|Any CPU.Build.0 = Debug|Any CPU
		{52180EF5-3984-4A3C-BBC7-66145A6F7193}.Release|Any CPU.ActiveCfg = Release|Any CPU
		{52180EF5-3984-4A3C-BBC7-66145A6F7193}.Release|Any CPU.Build.0 = Release|Any CPU
	EndGlobalSection
	GlobalSection(SolutionProperties) = preSolution
		HideSolutionNode = FALSE
	EndGlobalSection
	GlobalSection(ExtensibilityGlobals) = postSolution
		SolutionGuid = {BF3802A9-0088-46D2-855A-DA130B0C7F71}
	EndGlobalSection
EndGlobal
